
Microsoft Visual Studio Solution File, Format Version 12.00
# Visual Studio Version 17
VisualStudioVersion = 17.7.34024.191
MinimumVisualStudioVersion = 10.0.40219.1
Project("{FAE04EC0-301F-11D3-BF4B-00C04F79EFBC}") = "Task1", "Task1.csproj", "{9C3DE4A0-4864-43D4-848D-F81630973E9A}"
EndProject
Global
	GlobalSection(SolutionConfigurationPlatforms) = preSolution
		Debug|Any CPU = Debug|Any CPU
		Release|Any CPU = Release|Any CPU
	EndGlobalSection
	GlobalSection(ProjectConfigurationPlatforms) = postSolution
		{9C3DE4A0-4864-43D4-848D-F81630973E9A}.Debug|Any CPU.ActiveCfg = Debug|Any CPU
		{9C3DE4A0-4864-43D4-848D-F81630973E9A}.Debug|Any CPU.Build.0 = Debug|Any CPU
		{9C3DE4A0-4864-43D4-848D-F81630973E9A}.Release|Any CPU.ActiveCfg = Release|Any CPU
		{9C3DE4A0-4864-43D4-848D-F81630973E9A}.Release|Any CPU.Build.0 = Release|Any CPU
	EndGlobalSection
	GlobalSection(SolutionProperties) = preSolution
		HideSolutionNode = FALSE
	EndGlobalSection
	GlobalSection(ExtensibilityGlobals) = postSolution
		SolutionGuid = {054E2E02-5710-4ACB-875B-0EF806E93A73}
	EndGlobalSection
EndGlobal
